
Microsoft Visual Studio Solution File, Format Version 12.00
# Visual Studio 15
VisualStudioVersion = 15.0.26730.16
MinimumVisualStudioVersion = 10.0.40219.1
Project("{9A19103F-16F7-4668-BE54-9A1E7A4F7556}") = "QuasarCli", "QuasarCli\QuasarCli.csproj", "{CF4B2F07-E3F1-4794-9548-907AB5795A75}"
EndProject
Project("{9A19103F-16F7-4668-BE54-9A1E7A4F7556}") = "Quasar.Core", "Quasar.Core\Quasar.Core.csproj", "{9881BCF2-260B-464F-85C4-89820DE77F9D}"
EndProject
Project("{9A19103F-16F7-4668-BE54-9A1E7A4F7556}") = "Quasar.ElasticSearch", "Quasar.ElasticSearch\Quasar.ElasticSearch.csproj", "{F6456611-472C-427E-B897-54ACC6EA816F}"
EndProject
Project("{FAE04EC0-301F-11D3-BF4B-00C04F79EFBC}") = "Quasar.Api", "Quasar.Api\Quasar.Api.csproj", "{CFF37BDA-5742-4A77-A016-CA5B360F48BA}"
EndProject
Global
	GlobalSection(SolutionConfigurationPlatforms) = preSolution
		Debug|Any CPU = Debug|Any CPU
		Release|Any CPU = Release|Any CPU
	EndGlobalSection
	GlobalSection(ProjectConfigurationPlatforms) = postSolution
		{CF4B2F07-E3F1-4794-9548-907AB5795A75}.Debug|Any CPU.ActiveCfg = Debug|Any CPU
		{CF4B2F07-E3F1-4794-9548-907AB5795A75}.Debug|Any CPU.Build.0 = Debug|Any CPU
		{CF4B2F07-E3F1-4794-9548-907AB5795A75}.Release|Any CPU.ActiveCfg = Release|Any CPU
		{CF4B2F07-E3F1-4794-9548-907AB5795A75}.Release|Any CPU.Build.0 = Release|Any CPU
		{9881BCF2-260B-464F-85C4-89820DE77F9D}.Debug|Any CPU.ActiveCfg = Debug|Any CPU
		{9881BCF2-260B-464F-85C4-89820DE77F9D}.Debug|Any CPU.Build.0 = Debug|Any CPU
		{9881BCF2-260B-464F-85C4-89820DE77F9D}.Release|Any CPU.ActiveCfg = Release|Any CPU
		{9881BCF2-260B-464F-85C4-89820DE77F9D}.Release|Any CPU.Build.0 = Release|Any CPU
		{F6456611-472C-427E-B897-54ACC6EA816F}.Debug|Any CPU.ActiveCfg = Debug|Any CPU
		{F6456611-472C-427E-B897-54ACC6EA816F}.Debug|Any CPU.Build.0 = Debug|Any CPU
		{F6456611-472C-427E-B897-54ACC6EA816F}.Release|Any CPU.ActiveCfg = Release|Any CPU
		{F6456611-472C-427E-B897-54ACC6EA816F}.Release|Any CPU.Build.0 = Release|Any CPU
		{CFF37BDA-5742-4A77-A016-CA5B360F48BA}.Debug|Any CPU.ActiveCfg = Debug|Any CPU
		{CFF37BDA-5742-4A77-A016-CA5B360F48BA}.Debug|Any CPU.Build.0 = Debug|Any CPU
		{CFF37BDA-5742-4A77-A016-CA5B360F48BA}.Release|Any CPU.ActiveCfg = Release|Any CPU
		{CFF37BDA-5742-4A77-A016-CA5B360F48BA}.Release|Any CPU.Build.0 = Release|Any CPU
	EndGlobalSection
	GlobalSection(SolutionProperties) = preSolution
		HideSolutionNode = FALSE
	EndGlobalSection
	GlobalSection(ExtensibilityGlobals) = postSolution
		SolutionGuid = {108977B3-7175-40E0-9CA6-86416AFD34D1}
	EndGlobalSection
	GlobalSection(MonoDevelopProperties) = preSolution
		outputpath = ../bin
	EndGlobalSection
EndGlobal
